<?xml version="1.0" encoding="utf-8"?>
<Project ToolsVersion="4.0" xmlns="http://schemas.microsoft.com/developer/msbuild/2003">
  <ItemGroup>
    <Filter Include="소스 파일">
      <UniqueIdentifier>{4FC737F1-C7A5-4376-A066-2A32D752A2FF}</UniqueIdentifier>
      <Extensions>cpp;c;cc;cxx;c++;cppm;ixx;def;odl;idl;hpj;bat;asm;asmx</Extensions>
    </Filter>
    <Filter Include="헤더 파일">
      <UniqueIdentifier>{93995380-89BD-4b04-88EB-625FBE52EBFB}</UniqueIdentifier>
      <Extensions>h;hh;hpp;hxx;h++;hm;inl;inc;ipp;xsd</Extensions>
    </Filter>
    <Filter Include="리소스 파일">
      <UniqueIdentifier>{67DA6AB6-F800-4c08-8B7A-83BB121AAD01}</UniqueIdentifier>
      <Extensions>rc;ico;cur;bmp;dlg;rc2;rct;bin;rgs;gif;jpg;jpeg;jpe;resx;tiff;tif;png;wav;mfcribbon-ms</Extensions>
    </Filter>
  </ItemGroup>
  <ItemGroup>
    <ClCompile Include="FarthestNode.cpp">
      <Filter>소스 파일</Filter>
    </ClCompile>
    <ClCompile Include="Network.cpp">
      <Filter>소스 파일</Filter>
    </ClCompile>
    <ClCompile Include="CraneClawMachineGame.cpp">
      <Filter>소스 파일</Filter>
    </ClCompile>
    <ClCompile Include="DotProduct.cpp">
      <Filter>소스 파일</Filter>
    </ClCompile>
    <ClCompile Include="TakeAGroupPhoto.cpp">
      <Filter>소스 파일</Filter>
    </ClCompile>
    <ClCompile Include="LittleFriendsSichuan.cpp">
      <Filter>소스 파일</Filter>
    </ClCompile>
    <ClCompile Include="CheckSocialDistancing.cpp">
      <Filter>소스 파일</Filter>
    </ClCompile>
    <ClCompile Include="MaximizeFormulas.cpp">
      <Filter>소스 파일</Filter>
    </ClCompile>
    <ClCompile Include="PlainSquare.cpp">
      <Filter>소스 파일</Filter>
    </ClCompile>
    <ClCompile Include="TheShortestDistanceOnTheGameMap.cpp">
      <Filter>소스 파일</Filter>
    </ClCompile>
    <ClCompile Include="GetReportResults.cpp">
      <Filter>소스 파일</Filter>
    </ClCompile>
    <ClCompile Include="ChuseokTraffic.cpp">
      <Filter>소스 파일</Filter>
    </ClCompile>
    <ClCompile Include="AddMissingNumbers.cpp">
      <Filter>소스 파일</Filter>
    </ClCompile>
    <ClCompile Include="1stNewsClustering.cpp">
      <Filter>소스 파일</Filter>
    </ClCompile>
    <ClCompile Include="FailureRate.cpp">
      <Filter>소스 파일</Filter>
    </ClCompile>
    <ClCompile Include="Tuple.cpp">
      <Filter>소스 파일</Filter>
    </ClCompile>
    <ClCompile Include="H-Index.cpp">
      <Filter>소스 파일</Filter>
    </ClCompile>
    <ClCompile Include="TheBiggestNumber.cpp">
      <Filter>소스 파일</Filter>
    </ClCompile>
    <ClCompile Include="ExpectedTournamentTree.cpp">
      <Filter>소스 파일</Filter>
    </ClCompile>
    <ClCompile Include="BasUser.cpp">
      <Filter>소스 파일</Filter>
    </ClCompile>
    <ClCompile Include="Budget.cpp">
      <Filter>소스 파일</Filter>
    </ClCompile>
    <ClCompile Include="NewIDRecommendation.cpp">
      <Filter>소스 파일</Filter>
    </ClCompile>
    <ClCompile Include="Rank Search.cpp">
      <Filter>소스 파일</Filter>
    </ClCompile>
    <ClCompile Include="GemShopping.cpp">
      <Filter>소스 파일</Filter>
    </ClCompile>
    <ClCompile Include="RotateParentheses.cpp">
      <Filter>소스 파일</Filter>
    </ClCompile>
    <ClCompile Include="WordConversion.cpp">
      <Filter>소스 파일</Filter>
    </ClCompile>
    <ClCompile Include="Delivery.cpp">
      <Filter>소스 파일</Filter>
    </ClCompile>
    <ClCompile Include="EditTable.cpp">
      <Filter>소스 파일</Filter>
    </ClCompile>
    <ClCompile Include="NoMoreThan2DifferentBits.cpp">
      <Filter>소스 파일</Filter>
    </ClCompile>
    <ClCompile Include="MakePrimeNumber.cpp">
      <Filter>소스 파일</Filter>
    </ClCompile>
    <ClCompile Include="DoublePriorityQueue.cpp">
      <Filter>소스 파일</Filter>
    </ClCompile>
    <ClCompile Include="FatigueLevel.cpp">
      <Filter>소스 파일</Filter>
    </ClCompile>
    <ClCompile Include="MaxCounters.cpp">
      <Filter>소스 파일</Filter>
    </ClCompile>
    <ClCompile Include="MissingInteger.cpp">
      <Filter>소스 파일</Filter>
    </ClCompile>
    <ClCompile Include="PassingCars.cpp">
      <Filter>소스 파일</Filter>
    </ClCompile>
    <ClCompile Include="CountDiv.cpp">
      <Filter>소스 파일</Filter>
    </ClCompile>
    <ClCompile Include="NumberOfDiscIntersections.cpp">
      <Filter>소스 파일</Filter>
    </ClCompile>
    <ClCompile Include="2xnTiling.cpp">
      <Filter>소스 파일</Filter>
    </ClCompile>
    <ClCompile Include="TriangularSnail.cpp">
      <Filter>소스 파일</Filter>
    </ClCompile>
    <ClCompile Include="MinimumRectangle.cpp">
      <Filter>소스 파일</Filter>
    </ClCompile>
    <ClCompile Include="EnglishWordRelay.cpp">
      <Filter>소스 파일</Filter>
    </ClCompile>
    <ClCompile Include="NumberAndAdditionOfDivisors.cpp">
      <Filter>소스 파일</Filter>
    </ClCompile>
    <ClCompile Include="1stCache.cpp">
      <Filter>소스 파일</Filter>
    </ClCompile>
    <ClCompile Include="2016Year.cpp">
      <Filter>소스 파일</Filter>
    </ClCompile>
    <ClCompile Include="NumberSolitaire.cpp">
      <Filter>소스 파일</Filter>
    </ClCompile>
    <ClCompile Include="TakeTwoAndSumThem.cpp">
      <Filter>소스 파일</Filter>
    </ClCompile>
    <ClCompile Include="SkillTree.cpp">
      <Filter>소스 파일</Filter>
    </ClCompile>
    <ClCompile Include="SplitThePowerGridInTwo.cpp">
      <Filter>소스 파일</Filter>
    </ClCompile>
    <ClCompile Include="TravelRoute.cpp">
      <Filter>소스 파일</Filter>
    </ClCompile>
    <ClCompile Include="BestAlbum.cpp">
      <Filter>소스 파일</Filter>
    </ClCompile>
    <ClCompile Include="DiskController.cpp">
      <Filter>소스 파일</Filter>
    </ClCompile>
    <ClCompile Include="VowelDictionary.cpp">
      <Filter>소스 파일</Filter>
    </ClCompile>
    <ClCompile Include="RepeatTheBinaryTransformation.cpp">
      <Filter>소스 파일</Filter>
    </ClCompile>
    <ClCompile Include="ConnectTheIslands.cpp">
      <Filter>소스 파일</Filter>
    </ClCompile>
    <ClCompile Include="CountingAfterQuadCompression.cpp">
      <Filter>소스 파일</Filter>
    </ClCompile>
    <ClCompile Include="ArcheryCompetition.cpp">
      <Filter>소스 파일</Filter>
    </ClCompile>
    <ClCompile Include="CalculateParkingFee.cpp">
      <Filter>소스 파일</Filter>
    </ClCompile>
    <ClCompile Include="Move110.cpp">
      <Filter>소스 파일</Filter>
    </ClCompile>
    <ClCompile Include="JustBeforeMusic.cpp">
      <Filter>소스 파일</Filter>
    </ClCompile>
    <ClCompile Include="ExpressionOfNumbers.cpp">
      <Filter>소스 파일</Filter>
    </ClCompile>
    <ClCompile Include="LongestPelindrome.cpp">
      <Filter>소스 파일</Filter>
    </ClCompile>
    <ClCompile Include="LongJump.cpp">
      <Filter>소스 파일</Filter>
    </ClCompile>
    <ClCompile Include="AntiCell.cpp">
      <Filter>소스 파일</Filter>
    </ClCompile>
    <ClCompile Include="SellingMultiLevelToothbrushes.cpp">
      <Filter>소스 파일</Filter>
    </ClCompile>
    <ClCompile Include="HowToLineUp.cpp">
      <Filter>소스 파일</Filter>
    </ClCompile>
    <ClCompile Include="OvertimeIndex.cpp">
      <Filter>소스 파일</Filter>
    </ClCompile>
    <ClCompile Include="OvertimeIndex.cpp">
      <Filter>소스 파일</Filter>
    </ClCompile>
    <ClCompile Include="SharedTaxiFare.cpp">
      <Filter>소스 파일</Filter>
    </ClCompile>
    <ClCompile Include="N-Queen.cpp">
      <Filter>소스 파일</Filter>
    </ClCompile>
    <ClCompile Include="BestSet.cpp">
      <Filter>소스 파일</Filter>
    </ClCompile>
    <ClCompile Include="TowerOfHanoi.cpp">
      <Filter>소스 파일</Filter>
    </ClCompile>
    <ClCompile Include="1stShuttleBus.cpp">
      <Filter>소스 파일</Filter>
    </ClCompile>
    <ClCompile Include="AttibuteParser.cpp">
      <Filter>소스 파일</Filter>
    </ClCompile>
  </ItemGroup>
</Project>